
Microsoft Visual Studio Solution File, Format Version 12.00
# Visual Studio Version 16
VisualStudioVersion = 16.0.29609.76
MinimumVisualStudioVersion = 10.0.40219.1
Project("{9A19103F-16F7-4668-BE54-9A1E7A4F7556}") = "Selenium_Docker", "Selenium_Docker\Selenium_Docker.csproj", "{110E88FA-B2F7-4A69-BE4C-05094948FB6B}"
EndProject
Global
	GlobalSection(SolutionConfigurationPlatforms) = preSolution
		Debug|Any CPU = Debug|Any CPU
		Release|Any CPU = Release|Any CPU
	EndGlobalSection
	GlobalSection(ProjectConfigurationPlatforms) = postSolution
		{110E88FA-B2F7-4A69-BE4C-05094948FB6B}.Debug|Any CPU.ActiveCfg = Debug|Any CPU
		{110E88FA-B2F7-4A69-BE4C-05094948FB6B}.Debug|Any CPU.Build.0 = Debug|Any CPU
		{110E88FA-B2F7-4A69-BE4C-05094948FB6B}.Release|Any CPU.ActiveCfg = Release|Any CPU
		{110E88FA-B2F7-4A69-BE4C-05094948FB6B}.Release|Any CPU.Build.0 = Release|Any CPU
	EndGlobalSection
	GlobalSection(SolutionProperties) = preSolution
		HideSolutionNode = FALSE
	EndGlobalSection
	GlobalSection(ExtensibilityGlobals) = postSolution
		SolutionGuid = {E9259618-D870-4FF5-8BBF-878E0238F50D}
	EndGlobalSection
EndGlobal
